
Microsoft Visual Studio Solution File, Format Version 12.00
# Visual Studio Version 17
VisualStudioVersion = 17.10.35013.160
MinimumVisualStudioVersion = 10.0.40219.1
Project("{9A19103F-16F7-4668-BE54-9A1E7A4F7556}") = "BlackCatsAPI", "BlackCatsAPI\BlackCatsAPI.csproj", "{D9D5F5DE-7E2F-476C-A9F2-E974460FFD30}"
EndProject
Project("{2150E333-8FDC-42A3-9474-1A3956D46DE8}") = "API", "API", "{E2B5EF78-7A2C-406C-99A2-3F39ABB81B41}"
EndProject
Project("{2150E333-8FDC-42A3-9474-1A3956D46DE8}") = "SRC", "SRC", "{A24BFE01-5F5B-4480-A844-CA4116D286D4}"
EndProject
Project("{2150E333-8FDC-42A3-9474-1A3956D46DE8}") = "Core", "Core", "{3A64AD66-D095-4DDD-A715-2BEEF3B460BF}"
EndProject
Project("{2150E333-8FDC-42A3-9474-1A3956D46DE8}") = "External", "External", "{B105F7EE-BE34-4553-ACDF-A59067CFC289}"
EndProject
Project("{FAE04EC0-301F-11D3-BF4B-00C04F79EFBC}") = "BlackCats_Application", "BlackCats_Application\BlackCats_Application.csproj", "{B399D643-72D3-448C-839B-5F01B88DC6B0}"
EndProject
Project("{FAE04EC0-301F-11D3-BF4B-00C04F79EFBC}") = "BlackCats_Domain", "BlackCats_Domain\BlackCats_Domain.csproj", "{6E311FF7-B7F0-484C-9A27-017A1E884696}"
EndProject
Project("{FAE04EC0-301F-11D3-BF4B-00C04F79EFBC}") = "BlackCats_Infrastructure", "BlackCats_Infrastructure\BlackCats_Infrastructure.csproj", "{31613AF0-244B-4ABC-9F7F-F21B034095DC}"
EndProject
Project("{FAE04EC0-301F-11D3-BF4B-00C04F79EFBC}") = "BlackCats_Persistance", "BlackCats_Persistance\BlackCats_Persistance.csproj", "{17BFDABD-8927-4A02-8623-CE8C88CBE3E5}"
EndProject
Global
	GlobalSection(SolutionConfigurationPlatforms) = preSolution
		Debug|Any CPU = Debug|Any CPU
		Release|Any CPU = Release|Any CPU
	EndGlobalSection
	GlobalSection(ProjectConfigurationPlatforms) = postSolution
		{D9D5F5DE-7E2F-476C-A9F2-E974460FFD30}.Debug|Any CPU.ActiveCfg = Debug|Any CPU
		{D9D5F5DE-7E2F-476C-A9F2-E974460FFD30}.Debug|Any CPU.Build.0 = Debug|Any CPU
		{D9D5F5DE-7E2F-476C-A9F2-E974460FFD30}.Release|Any CPU.ActiveCfg = Release|Any CPU
		{D9D5F5DE-7E2F-476C-A9F2-E974460FFD30}.Release|Any CPU.Build.0 = Release|Any CPU
		{B399D643-72D3-448C-839B-5F01B88DC6B0}.Debug|Any CPU.ActiveCfg = Debug|Any CPU
		{B399D643-72D3-448C-839B-5F01B88DC6B0}.Debug|Any CPU.Build.0 = Debug|Any CPU
		{B399D643-72D3-448C-839B-5F01B88DC6B0}.Release|Any CPU.ActiveCfg = Release|Any CPU
		{B399D643-72D3-448C-839B-5F01B88DC6B0}.Release|Any CPU.Build.0 = Release|Any CPU
		{6E311FF7-B7F0-484C-9A27-017A1E884696}.Debug|Any CPU.ActiveCfg = Debug|Any CPU
		{6E311FF7-B7F0-484C-9A27-017A1E884696}.Debug|Any CPU.Build.0 = Debug|Any CPU
		{6E311FF7-B7F0-484C-9A27-017A1E884696}.Release|Any CPU.ActiveCfg = Release|Any CPU
		{6E311FF7-B7F0-484C-9A27-017A1E884696}.Release|Any CPU.Build.0 = Release|Any CPU
		{31613AF0-244B-4ABC-9F7F-F21B034095DC}.Debug|Any CPU.ActiveCfg = Debug|Any CPU
		{31613AF0-244B-4ABC-9F7F-F21B034095DC}.Debug|Any CPU.Build.0 = Debug|Any CPU
		{31613AF0-244B-4ABC-9F7F-F21B034095DC}.Release|Any CPU.ActiveCfg = Release|Any CPU
		{31613AF0-244B-4ABC-9F7F-F21B034095DC}.Release|Any CPU.Build.0 = Release|Any CPU
		{17BFDABD-8927-4A02-8623-CE8C88CBE3E5}.Debug|Any CPU.ActiveCfg = Debug|Any CPU
		{17BFDABD-8927-4A02-8623-CE8C88CBE3E5}.Debug|Any CPU.Build.0 = Debug|Any CPU
		{17BFDABD-8927-4A02-8623-CE8C88CBE3E5}.Release|Any CPU.ActiveCfg = Release|Any CPU
		{17BFDABD-8927-4A02-8623-CE8C88CBE3E5}.Release|Any CPU.Build.0 = Release|Any CPU
	EndGlobalSection
	GlobalSection(SolutionProperties) = preSolution
		HideSolutionNode = FALSE
	EndGlobalSection
	GlobalSection(NestedProjects) = preSolution
		{D9D5F5DE-7E2F-476C-A9F2-E974460FFD30} = {E2B5EF78-7A2C-406C-99A2-3F39ABB81B41}
		{E2B5EF78-7A2C-406C-99A2-3F39ABB81B41} = {A24BFE01-5F5B-4480-A844-CA4116D286D4}
		{3A64AD66-D095-4DDD-A715-2BEEF3B460BF} = {A24BFE01-5F5B-4480-A844-CA4116D286D4}
		{B105F7EE-BE34-4553-ACDF-A59067CFC289} = {A24BFE01-5F5B-4480-A844-CA4116D286D4}
		{B399D643-72D3-448C-839B-5F01B88DC6B0} = {3A64AD66-D095-4DDD-A715-2BEEF3B460BF}
		{6E311FF7-B7F0-484C-9A27-017A1E884696} = {3A64AD66-D095-4DDD-A715-2BEEF3B460BF}
		{31613AF0-244B-4ABC-9F7F-F21B034095DC} = {B105F7EE-BE34-4553-ACDF-A59067CFC289}
		{17BFDABD-8927-4A02-8623-CE8C88CBE3E5} = {B105F7EE-BE34-4553-ACDF-A59067CFC289}
	EndGlobalSection
	GlobalSection(ExtensibilityGlobals) = postSolution
		SolutionGuid = {B83966E9-4B22-41E5-BDB3-8B625AB3BB99}
	EndGlobalSection
EndGlobal
